// !$*UTF8*$!
{
	archiveVersion = 1;
	classes = {
	};
	objectVersion = 56;
	objects = {

/* Begin PBXBuildFile section */
		C4667CDE2B972B4400825CBC /* interactiveAudioApp.swift in Sources */ = {isa = PBXBuildFile; fileRef = C4667CDD2B972B4400825CBC /* interactiveAudioApp.swift */; };
		C4667CE02B972B4400825CBC /* ContentView.swift in Sources */ = {isa = PBXBuildFile; fileRef = C4667CDF2B972B4400825CBC /* ContentView.swift */; };
		C4667CE22B972B4600825CBC /* Assets.xcassets in Resources */ = {isa = PBXBuildFile; fileRef = C4667CE12B972B4600825CBC /* Assets.xcassets */; };
		C4667CE62B972B4600825CBC /* Preview Assets.xcassets in Resources */ = {isa = PBXBuildFile; fileRef = C4667CE52B972B4600825CBC /* Preview Assets.xcassets */; };
		C4667CF02B972B4600825CBC /* interactiveAudioTests.swift in Sources */ = {isa = PBXBuildFile; fileRef = C4667CEF2B972B4600825CBC /* interactiveAudioTests.swift */; };
		C4667CFA2B972B4600825CBC /* interactiveAudioUITests.swift in Sources */ = {isa = PBXBuildFile; fileRef = C4667CF92B972B4600825CBC /* interactiveAudioUITests.swift */; };
		C4667CFC2B972B4600825CBC /* interactiveAudioUITestsLaunchTests.swift in Sources */ = {isa = PBXBuildFile; fileRef = C4667CFB2B972B4600825CBC /* interactiveAudioUITestsLaunchTests.swift */; };
		C4667D092B972B8F00825CBC /* AudioProcessing.swift in Sources */ = {isa = PBXBuildFile; fileRef = C4667D082B972B8F00825CBC /* AudioProcessing.swift */; };
		C4667D0B2B972BB000825CBC /* 01.mp3 in Resources */ = {isa = PBXBuildFile; fileRef = C4667D0A2B972BB000825CBC /* 01.mp3 */; };
/* End PBXBuildFile section */

/* Begin PBXContainerItemProxy section */
		C4667CEC2B972B4600825CBC /* PBXContainerItemProxy */ = {
			isa = PBXContainerItemProxy;
			containerPortal = C4667CD22B972B4400825CBC /* Project object */;
			proxyType = 1;
			remoteGlobalIDString = C4667CD92B972B4400825CBC;
			remoteInfo = interactiveAudio;
		};
		C4667CF62B972B4600825CBC /* PBXContainerItemProxy */ = {
			isa = PBXContainerItemProxy;
			containerPortal = C4667CD22B972B4400825CBC /* Project object */;
			proxyType = 1;
			remoteGlobalIDString = C4667CD92B972B4400825CBC;
			remoteInfo = interactiveAudio;
		};
/* End PBXContainerItemProxy section */

/* Begin PBXFileReference section */
		C4667CDA2B972B4400825CBC /* interactiveAudio.app */ = {isa = PBXFileReference; explicitFileType = wrapper.application; includeInIndex = 0; path = interactiveAudio.app; sourceTree = BUILT_PRODUCTS_DIR; };
		C4667CDD2B972B4400825CBC /* interactiveAudioApp.swift */ = {isa = PBXFileReference; lastKnownFileType = sourcecode.swift; path = interactiveAudioApp.swift; sourceTree = "<group>"; };
		C4667CDF2B972B4400825CBC /* ContentView.swift */ = {isa = PBXFileReference; lastKnownFileType = sourcecode.swift; path = ContentView.swift; sourceTree = "<group>"; };
		C4667CE12B972B4600825CBC /* Assets.xcassets */ = {isa = PBXFileReference; lastKnownFileType = folder.assetcatalog; path = Assets.xcassets; sourceTree = "<group>"; };
		C4667CE32B972B4600825CBC /* interactiveAudio.entitlements */ = {isa = PBXFileReference; lastKnownFileType = text.plist.entitlements; path = interactiveAudio.entitlements; sourceTree = "<group>"; };
		C4667CE52B972B4600825CBC /* Preview Assets.xcassets */ = {isa = PBXFileReference; lastKnownFileType = folder.assetcatalog; path = "Preview Assets.xcassets"; sourceTree = "<group>"; };
		C4667CEB2B972B4600825CBC /* interactiveAudioTests.xctest */ = {isa = PBXFileReference; explicitFileType = wrapper.cfbundle; includeInIndex = 0; path = interactiveAudioTests.xctest; sourceTree = BUILT_PRODUCTS_DIR; };
		C4667CEF2B972B4600825CBC /* interactiveAudioTests.swift */ = {isa = PBXFileReference; lastKnownFileType = sourcecode.swift; path = interactiveAudioTests.swift; sourceTree = "<group>"; };
		C4667CF52B972B4600825CBC /* interactiveAudioUITests.xctest */ = {isa = PBXFileReference; explicitFileType = wrapper.cfbundle; includeInIndex = 0; path = interactiveAudioUITests.xctest; sourceTree = BUILT_PRODUCTS_DIR; };
		C4667CF92B972B4600825CBC /* interactiveAudioUITests.swift */ = {isa = PBXFileReference; lastKnownFileType = sourcecode.swift; path = interactiveAudioUITests.swift; sourceTree = "<group>"; };
		C4667CFB2B972B4600825CBC /* interactiveAudioUITestsLaunchTests.swift */ = {isa = PBXFileReference; lastKnownFileType = sourcecode.swift; path = interactiveAudioUITestsLaunchTests.swift; sourceTree = "<group>"; };
		C4667D082B972B8F00825CBC /* AudioProcessing.swift */ = {isa = PBXFileReference; lastKnownFileType = sourcecode.swift; path = AudioProcessing.swift; sourceTree = "<group>"; };
		C4667D0A2B972BB000825CBC /* 01.mp3 */ = {isa = PBXFileReference; lastKnownFileType = audio.mp3; name = 01.mp3; path = ../../01.mp3; sourceTree = "<group>"; };
/* End PBXFileReference section */

/* Begin PBXFrameworksBuildPhase section */
		C4667CD72B972B4400825CBC /* Frameworks */ = {
			isa = PBXFrameworksBuildPhase;
			buildActionMask = 2147483647;
			files = (
			);
			runOnlyForDeploymentPostprocessing = 0;
		};
		C4667CE82B972B4600825CBC /* Frameworks */ = {
			isa = PBXFrameworksBuildPhase;
			buildActionMask = 2147483647;
			files = (
			);
			runOnlyForDeploymentPostprocessing = 0;
		};
		C4667CF22B972B4600825CBC /* Frameworks */ = {
			isa = PBXFrameworksBuildPhase;
			buildActionMask = 2147483647;
			files = (
			);
			runOnlyForDeploymentPostprocessing = 0;
		};
/* End PBXFrameworksBuildPhase section */

/* Begin PBXGroup section */
		C4667CD12B972B4400825CBC = {
			isa = PBXGroup;
			children = (
				C4667CDC2B972B4400825CBC /* interactiveAudio */,
				C4667CEE2B972B4600825CBC /* interactiveAudioTests */,
				C4667CF82B972B4600825CBC /* interactiveAudioUITests */,
				C4667CDB2B972B4400825CBC /* Products */,
			);
			sourceTree = "<group>";
		};
		C4667CDB2B972B4400825CBC /* Products */ = {
			isa = PBXGroup;
			children = (
				C4667CDA2B972B4400825CBC /* interactiveAudio.app */,
				C4667CEB2B972B4600825CBC /* interactiveAudioTests.xctest */,
				C4667CF52B972B4600825CBC /* interactiveAudioUITests.xctest */,
			);
			name = Products;
			sourceTree = "<group>";
		};
		C4667CDC2B972B4400825CBC /* interactiveAudio */ = {
			isa = PBXGroup;
			children = (
				C4667D0A2B972BB000825CBC /* 01.mp3 */,
				C4667CDD2B972B4400825CBC /* interactiveAudioApp.swift */,
				C4667CDF2B972B4400825CBC /* ContentView.swift */,
				C4667CE12B972B4600825CBC /* Assets.xcassets */,
				C4667CE32B972B4600825CBC /* interactiveAudio.entitlements */,
				C4667CE42B972B4600825CBC /* Preview Content */,
				C4667D082B972B8F00825CBC /* AudioProcessing.swift */,
			);
			path = interactiveAudio;
			sourceTree = "<group>";
		};
		C4667CE42B972B4600825CBC /* Preview Content */ = {
			isa = PBXGroup;
			children = (
				C4667CE52B972B4600825CBC /* Preview Assets.xcassets */,
			);
			path = "Preview Content";
			sourceTree = "<group>";
		};
		C4667CEE2B972B4600825CBC /* interactiveAudioTests */ = {
			isa = PBXGroup;
			children = (
				C4667CEF2B972B4600825CBC /* interactiveAudioTests.swift */,
			);
			path = interactiveAudioTests;
			sourceTree = "<group>";
		};
		C4667CF82B972B4600825CBC /* interactiveAudioUITests */ = {
			isa = PBXGroup;
			children = (
				C4667CF92B972B4600825CBC /* interactiveAudioUITests.swift */,
				C4667CFB2B972B4600825CBC /* interactiveAudioUITestsLaunchTests.swift */,
			);
			path = interactiveAudioUITests;
			sourceTree = "<group>";
		};
/* End PBXGroup section */

/* Begin PBXNativeTarget section */
		C4667CD92B972B4400825CBC /* interactiveAudio */ = {
			isa = PBXNativeTarget;
			buildConfigurationList = C4667CFF2B972B4600825CBC /* Build configuration list for PBXNativeTarget "interactiveAudio" */;
			buildPhases = (
				C4667CD62B972B4400825CBC /* Sources */,
				C4667CD72B972B4400825CBC /* Frameworks */,
				C4667CD82B972B4400825CBC /* Resources */,
			);
			buildRules = (
			);
			dependencies = (
			);
			name = interactiveAudio;
			productName = interactiveAudio;
			productReference = C4667CDA2B972B4400825CBC /* interactiveAudio.app */;
			productType = "com.apple.product-type.application";
		};
		C4667CEA2B972B4600825CBC /* interactiveAudioTests */ = {
			isa = PBXNativeTarget;
			buildConfigurationList = C4667D022B972B4600825CBC /* Build configuration list for PBXNativeTarget "interactiveAudioTests" */;
			buildPhases = (
				C4667CE72B972B4600825CBC /* Sources */,
				C4667CE82B972B4600825CBC /* Frameworks */,
				C4667CE92B972B4600825CBC /* Resources */,
			);
			buildRules = (
			);
			dependencies = (
				C4667CED2B972B4600825CBC /* PBXTargetDependency */,
			);
			name = interactiveAudioTests;
			productName = interactiveAudioTests;
			productReference = C4667CEB2B972B4600825CBC /* interactiveAudioTests.xctest */;
			productType = "com.apple.product-type.bundle.unit-test";
		};
		C4667CF42B972B4600825CBC /* interactiveAudioUITests */ = {
			isa = PBXNativeTarget;
			buildConfigurationList = C4667D052B972B4600825CBC /* Build configuration list for PBXNativeTarget "interactiveAudioUITests" */;
			buildPhases = (
				C4667CF12B972B4600825CBC /* Sources */,
				C4667CF22B972B4600825CBC /* Frameworks */,
				C4667CF32B972B4600825CBC /* Resources */,
			);
			buildRules = (
			);
			dependencies = (
				C4667CF72B972B4600825CBC /* PBXTargetDependency */,
			);
			name = interactiveAudioUITests;
			productName = interactiveAudioUITests;
			productReference = C4667CF52B972B4600825CBC /* interactiveAudioUITests.xctest */;
			productType = "com.apple.product-type.bundle.ui-testing";
		};
/* End PBXNativeTarget section */

/* Begin PBXProject section */
		C4667CD22B972B4400825CBC /* Project object */ = {
			isa = PBXProject;
			attributes = {
				BuildIndependentTargetsInParallel = 1;
				LastSwiftUpdateCheck = 1520;
				LastUpgradeCheck = 1520;
				TargetAttributes = {
					C4667CD92B972B4400825CBC = {
						CreatedOnToolsVersion = 15.2;
					};
					C4667CEA2B972B4600825CBC = {
						CreatedOnToolsVersion = 15.2;
						TestTargetID = C4667CD92B972B4400825CBC;
					};
					C4667CF42B972B4600825CBC = {
						CreatedOnToolsVersion = 15.2;
						TestTargetID = C4667CD92B972B4400825CBC;
					};
				};
			};
			buildConfigurationList = C4667CD52B972B4400825CBC /* Build configuration list for PBXProject "interactiveAudio" */;
			compatibilityVersion = "Xcode 14.0";
			developmentRegion = en;
			hasScannedForEncodings = 0;
			knownRegions = (
				en,
				Base,
			);
			mainGroup = C4667CD12B972B4400825CBC;
			productRefGroup = C4667CDB2B972B4400825CBC /* Products */;
			projectDirPath = "";
			projectRoot = "";
			targets = (
				C4667CD92B972B4400825CBC /* interactiveAudio */,
				C4667CEA2B972B4600825CBC /* interactiveAudioTests */,
				C4667CF42B972B4600825CBC /* interactiveAudioUITests */,
			);
		};
/* End PBXProject section */

/* Begin PBXResourcesBuildPhase section */
		C4667CD82B972B4400825CBC /* Resources */ = {
			isa = PBXResourcesBuildPhase;
			buildActionMask = 2147483647;
			files = (
				C4667D0B2B972BB000825CBC /* 01.mp3 in Resources */,
				C4667CE62B972B4600825CBC /* Preview Assets.xcassets in Resources */,
				C4667CE22B972B4600825CBC /* Assets.xcassets in Resources */,
			);
			runOnlyForDeploymentPostprocessing = 0;
		};
		C4667CE92B972B4600825CBC /* Resources */ = {
			isa = PBXResourcesBuildPhase;
			buildActionMask = 2147483647;
			files = (
			);
			runOnlyForDeploymentPostprocessing = 0;
		};
		C4667CF32B972B4600825CBC /* Resources */ = {
			isa = PBXResourcesBuildPhase;
			buildActionMask = 2147483647;
			files = (
			);
			runOnlyForDeploymentPostprocessing = 0;
		};
/* End PBXResourcesBuildPhase section */

/* Begin PBXSourcesBuildPhase section */
		C4667CD62B972B4400825CBC /* Sources */ = {
			isa = PBXSourcesBuildPhase;
			buildActionMask = 2147483647;
			files = (
				C4667CE02B972B4400825CBC /* ContentView.swift in Sources */,
				C4667D092B972B8F00825CBC /* AudioProcessing.swift in Sources */,
				C4667CDE2B972B4400825CBC /* interactiveAudioApp.swift in Sources */,
			);
			runOnlyForDeploymentPostprocessing = 0;
		};
		C4667CE72B972B4600825CBC /* Sources */ = {
			isa = PBXSourcesBuildPhase;
			buildActionMask = 2147483647;
			files = (
				C4667CF02B972B4600825CBC /* interactiveAudioTests.swift in Sources */,
			);
			runOnlyForDeploymentPostprocessing = 0;
		};
		C4667CF12B972B4600825CBC /* Sources */ = {
			isa = PBXSourcesBuildPhase;
			buildActionMask = 2147483647;
			files = (
				C4667CFC2B972B4600825CBC /* interactiveAudioUITestsLaunchTests.swift in Sources */,
				C4667CFA2B972B4600825CBC /* interactiveAudioUITests.swift in Sources */,
			);
			runOnlyForDeploymentPostprocessing = 0;
		};
/* End PBXSourcesBuildPhase section */

/* Begin PBXTargetDependency section */
		C4667CED2B972B4600825CBC /* PBXTargetDependency */ = {
			isa = PBXTargetDependency;
			target = C4667CD92B972B4400825CBC /* interactiveAudio */;
			targetProxy = C4667CEC2B972B4600825CBC /* PBXContainerItemProxy */;
		};
		C4667CF72B972B4600825CBC /* PBXTargetDependency */ = {
			isa = PBXTargetDependency;
			target = C4667CD92B972B4400825CBC /* interactiveAudio */;
			targetProxy = C4667CF62B972B4600825CBC /* PBXContainerItemProxy */;
		};
/* End PBXTargetDependency section */

/* Begin XCBuildConfiguration section */
		C4667CFD2B972B4600825CBC /* Debug */ = {
			isa = XCBuildConfiguration;
			buildSettings = {
				ALWAYS_SEARCH_USER_PATHS = NO;
				ASSETCATALOG_COMPILER_GENERATE_SWIFT_ASSET_SYMBOL_EXTENSIONS = YES;
				CLANG_ANALYZER_NONNULL = YES;
				CLANG_ANALYZER_NUMBER_OBJECT_CONVERSION = YES_AGGRESSIVE;
				CLANG_CXX_LANGUAGE_STANDARD = "gnu++20";
				CLANG_ENABLE_MODULES = YES;
				CLANG_ENABLE_OBJC_ARC = YES;
				CLANG_ENABLE_OBJC_WEAK = YES;
				CLANG_WARN_BLOCK_CAPTURE_AUTORELEASING = YES;
				CLANG_WARN_BOOL_CONVERSION = YES;
				CLANG_WARN_COMMA = YES;
				CLANG_WARN_CONSTANT_CONVERSION = YES;
				CLANG_WARN_DEPRECATED_OBJC_IMPLEMENTATIONS = YES;
				CLANG_WARN_DIRECT_OBJC_ISA_USAGE = YES_ERROR;
				CLANG_WARN_DOCUMENTATION_COMMENTS = YES;
				CLANG_WARN_EMPTY_BODY = YES;
				CLANG_WARN_ENUM_CONVERSION = YES;
				CLANG_WARN_INFINITE_RECURSION = YES;
				CLANG_WARN_INT_CONVERSION = YES;
				CLANG_WARN_NON_LITERAL_NULL_CONVERSION = YES;
				CLANG_WARN_OBJC_IMPLICIT_RETAIN_SELF = YES;
				CLANG_WARN_OBJC_LITERAL_CONVERSION = YES;
				CLANG_WARN_OBJC_ROOT_CLASS = YES_ERROR;
				CLANG_WARN_QUOTED_INCLUDE_IN_FRAMEWORK_HEADER = YES;
				CLANG_WARN_RANGE_LOOP_ANALYSIS = YES;
				CLANG_WARN_STRICT_PROTOTYPES = YES;
				CLANG_WARN_SUSPICIOUS_MOVE = YES;
				CLANG_WARN_UNGUARDED_AVAILABILITY = YES_AGGRESSIVE;
				CLANG_WARN_UNREACHABLE_CODE = YES;
				CLANG_WARN__DUPLICATE_METHOD_MATCH = YES;
				COPY_PHASE_STRIP = NO;
				DEBUG_INFORMATION_FORMAT = dwarf;
				ENABLE_STRICT_OBJC_MSGSEND = YES;
				ENABLE_TESTABILITY = YES;
				ENABLE_USER_SCRIPT_SANDBOXING = YES;
				GCC_C_LANGUAGE_STANDARD = gnu17;
				GCC_DYNAMIC_NO_PIC = NO;
				GCC_NO_COMMON_BLOCKS = YES;
				GCC_OPTIMIZATION_LEVEL = 0;
				GCC_PREPROCESSOR_DEFINITIONS = (
					"DEBUG=1",
					"$(inherited)",
				);
				GCC_WARN_64_TO_32_BIT_CONVERSION = YES;
				GCC_WARN_ABOUT_RETURN_TYPE = YES_ERROR;
				GCC_WARN_UNDECLARED_SELECTOR = YES;
				GCC_WARN_UNINITIALIZED_AUTOS = YES_AGGRESSIVE;
				GCC_WARN_UNUSED_FUNCTION = YES;
				GCC_WARN_UNUSED_VARIABLE = YES;
				LOCALIZATION_PREFERS_STRING_CATALOGS = YES;
				MTL_ENABLE_DEBUG_INFO = INCLUDE_SOURCE;
				MTL_FAST_MATH = YES;
				ONLY_ACTIVE_ARCH = YES;
				SWIFT_ACTIVE_COMPILATION_CONDITIONS = "DEBUG $(inherited)";
				SWIFT_OPTIMIZATION_LEVEL = "-Onone";
			};
			name = Debug;
		};
		C4667CFE2B972B4600825CBC /* Release */ = {
			isa = XCBuildConfiguration;
			buildSettings = {
				ALWAYS_SEARCH_USER_PATHS = NO;
				ASSETCATALOG_COMPILER_GENERATE_SWIFT_ASSET_SYMBOL_EXTENSIONS = YES;
				CLANG_ANALYZER_NONNULL = YES;
				CLANG_ANALYZER_NUMBER_OBJECT_CONVERSION = YES_AGGRESSIVE;
				CLANG_CXX_LANGUAGE_STANDARD = "gnu++20";
				CLANG_ENABLE_MODULES = YES;
				CLANG_ENABLE_OBJC_ARC = YES;
				CLANG_ENABLE_OBJC_WEAK = YES;
				CLANG_WARN_BLOCK_CAPTURE_AUTORELEASING = YES;
				CLANG_WARN_BOOL_CONVERSION = YES;
				CLANG_WARN_COMMA = YES;
				CLANG_WARN_CONSTANT_CONVERSION = YES;
				CLANG_WARN_DEPRECATED_OBJC_IMPLEMENTATIONS = YES;
				CLANG_WARN_DIRECT_OBJC_ISA_USAGE = YES_ERROR;
				CLANG_WARN_DOCUMENTATION_COMMENTS = YES;
				CLANG_WARN_EMPTY_BODY = YES;
				CLANG_WARN_ENUM_CONVERSION = YES;
				CLANG_WARN_INFINITE_RECURSION = YES;
				CLANG_WARN_INT_CONVERSION = YES;
				CLANG_WARN_NON_LITERAL_NULL_CONVERSION = YES;
				CLANG_WARN_OBJC_IMPLICIT_RETAIN_SELF = YES;
				CLANG_WARN_OBJC_LITERAL_CONVERSION = YES;
				CLANG_WARN_OBJC_ROOT_CLASS = YES_ERROR;
				CLANG_WARN_QUOTED_INCLUDE_IN_FRAMEWORK_HEADER = YES;
				CLANG_WARN_RANGE_LOOP_ANALYSIS = YES;
				CLANG_WARN_STRICT_PROTOTYPES = YES;
				CLANG_WARN_SUSPICIOUS_MOVE = YES;
				CLANG_WARN_UNGUARDED_AVAILABILITY = YES_AGGRESSIVE;
				CLANG_WARN_UNREACHABLE_CODE = YES;
				CLANG_WARN__DUPLICATE_METHOD_MATCH = YES;
				COPY_PHASE_STRIP = NO;
				DEBUG_INFORMATION_FORMAT = "dwarf-with-dsym";
				ENABLE_NS_ASSERTIONS = NO;
				ENABLE_STRICT_OBJC_MSGSEND = YES;
				ENABLE_USER_SCRIPT_SANDBOXING = YES;
				GCC_C_LANGUAGE_STANDARD = gnu17;
				GCC_NO_COMMON_BLOCKS = YES;
				GCC_WARN_64_TO_32_BIT_CONVERSION = YES;
				GCC_WARN_ABOUT_RETURN_TYPE = YES_ERROR;
				GCC_WARN_UNDECLARED_SELECTOR = YES;
				GCC_WARN_UNINITIALIZED_AUTOS = YES_AGGRESSIVE;
				GCC_WARN_UNUSED_FUNCTION = YES;
				GCC_WARN_UNUSED_VARIABLE = YES;
				LOCALIZATION_PREFERS_STRING_CATALOGS = YES;
				MTL_ENABLE_DEBUG_INFO = NO;
				MTL_FAST_MATH = YES;
				SWIFT_COMPILATION_MODE = wholemodule;
			};
			name = Release;
		};
		C4667D002B972B4600825CBC /* Debug */ = {
			isa = XCBuildConfiguration;
			buildSettings = {
				ASSETCATALOG_COMPILER_APPICON_NAME = AppIcon;
				ASSETCATALOG_COMPILER_GLOBAL_ACCENT_COLOR_NAME = AccentColor;
				CODE_SIGN_ENTITLEMENTS = interactiveAudio/interactiveAudio.entitlements;
				CODE_SIGN_STYLE = Automatic;
				CURRENT_PROJECT_VERSION = 1;
				DEVELOPMENT_ASSET_PATHS = "\"interactiveAudio/Preview Content\"";
				DEVELOPMENT_TEAM = NVFG43T73V;
				ENABLE_HARDENED_RUNTIME = YES;
				ENABLE_PREVIEWS = YES;
				GENERATE_INFOPLIST_FILE = YES;
				"INFOPLIST_KEY_UIApplicationSceneManifest_Generation[sdk=iphoneos*]" = YES;
				"INFOPLIST_KEY_UIApplicationSceneManifest_Generation[sdk=iphonesimulator*]" = YES;
				"INFOPLIST_KEY_UIApplicationSupportsIndirectInputEvents[sdk=iphoneos*]" = YES;
				"INFOPLIST_KEY_UIApplicationSupportsIndirectInputEvents[sdk=iphonesimulator*]" = YES;
				"INFOPLIST_KEY_UILaunchScreen_Generation[sdk=iphoneos*]" = YES;
				"INFOPLIST_KEY_UILaunchScreen_Generation[sdk=iphonesimulator*]" = YES;
				"INFOPLIST_KEY_UIStatusBarStyle[sdk=iphoneos*]" = UIStatusBarStyleDefault;
				"INFOPLIST_KEY_UIStatusBarStyle[sdk=iphonesimulator*]" = UIStatusBarStyleDefault;
				INFOPLIST_KEY_UISupportedInterfaceOrientations_iPad = "UIInterfaceOrientationPortrait UIInterfaceOrientationPortraitUpsideDown UIInterfaceOrientationLandscapeLeft UIInterfaceOrientationLandscapeRight";
				INFOPLIST_KEY_UISupportedInterfaceOrientations_iPhone = "UIInterfaceOrientationPortrait UIInterfaceOrientationLandscapeLeft UIInterfaceOrientationLandscapeRight";
				IPHONEOS_DEPLOYMENT_TARGET = 17.2;
				LD_RUNPATH_SEARCH_PATHS = "@executable_path/Frameworks";
				"LD_RUNPATH_SEARCH_PATHS[sdk=macosx*]" = "@executable_path/../Frameworks";
				MACOSX_DEPLOYMENT_TARGET = 14.2;
				MARKETING_VERSION = 1.0;
				PRODUCT_BUNDLE_IDENTIFIER = antonio.interactiveAudio;
				PRODUCT_NAME = "$(TARGET_NAME)";
				SDKROOT = auto;
				SUPPORTED_PLATFORMS = "iphoneos iphonesimulator macosx";
				SWIFT_EMIT_LOC_STRINGS = YES;
				SWIFT_VERSION = 5.0;
				TARGETED_DEVICE_FAMILY = "1,2";
			};
			name = Debug;
		};
		C4667D012B972B4600825CBC /* Release */ = {
			isa = XCBuildConfiguration;
			buildSettings = {
				ASSETCATALOG_COMPILER_APPICON_NAME = AppIcon;
				ASSETCATALOG_COMPILER_GLOBAL_ACCENT_COLOR_NAME = AccentColor;
				CODE_SIGN_ENTITLEMENTS = interactiveAudio/interactiveAudio.entitlements;
				CODE_SIGN_STYLE = Automatic;
				CURRENT_PROJECT_VERSION = 1;
				DEVELOPMENT_ASSET_PATHS = "\"interactiveAudio/Preview Content\"";
				DEVELOPMENT_TEAM = NVFG43T73V;
				ENABLE_HARDENED_RUNTIME = YES;
				ENABLE_PREVIEWS = YES;
				GENERATE_INFOPLIST_FILE = YES;
				"INFOPLIST_KEY_UIApplicationSceneManifest_Generation[sdk=iphoneos*]" = YES;
				"INFOPLIST_KEY_UIApplicationSceneManifest_Generation[sdk=iphonesimulator*]" = YES;
				"INFOPLIST_KEY_UIApplicationSupportsIndirectInputEvents[sdk=iphoneos*]" = YES;
				"INFOPLIST_KEY_UIApplicationSupportsIndirectInputEvents[sdk=iphonesimulator*]" = YES;
				"INFOPLIST_KEY_UILaunchScreen_Generation[sdk=iphoneos*]" = YES;
				"INFOPLIST_KEY_UILaunchScreen_Generation[sdk=iphonesimulator*]" = YES;
				"INFOPLIST_KEY_UIStatusBarStyle[sdk=iphoneos*]" = UIStatusBarStyleDefault;
				"INFOPLIST_KEY_UIStatusBarStyle[sdk=iphonesimulator*]" = UIStatusBarStyleDefault;
				INFOPLIST_KEY_UISupportedInterfaceOrientations_iPad = "UIInterfaceOrientationPortrait UIInterfaceOrientationPortraitUpsideDown UIInterfaceOrientationLandscapeLeft UIInterfaceOrientationLandscapeRight";
				INFOPLIST_KEY_UISupportedInterfaceOrientations_iPhone = "UIInterfaceOrientationPortrait UIInterfaceOrientationLandscapeLeft UIInterfaceOrientationLandscapeRight";
				IPHONEOS_DEPLOYMENT_TARGET = 17.2;
				LD_RUNPATH_SEARCH_PATHS = "@executable_path/Frameworks";
				"LD_RUNPATH_SEARCH_PATHS[sdk=macosx*]" = "@executable_path/../Frameworks";
				MACOSX_DEPLOYMENT_TARGET = 14.2;
				MARKETING_VERSION = 1.0;
				PRODUCT_BUNDLE_IDENTIFIER = antonio.interactiveAudio;
				PRODUCT_NAME = "$(TARGET_NAME)";
				SDKROOT = auto;
				SUPPORTED_PLATFORMS = "iphoneos iphonesimulator macosx";
				SWIFT_EMIT_LOC_STRINGS = YES;
				SWIFT_VERSION = 5.0;
				TARGETED_DEVICE_FAMILY = "1,2";
			};
			name = Release;
		};
		C4667D032B972B4600825CBC /* Debug */ = {
			isa = XCBuildConfiguration;
			buildSettings = {
				ALWAYS_EMBED_SWIFT_STANDARD_LIBRARIES = YES;
				BUNDLE_LOADER = "$(TEST_HOST)";
				CODE_SIGN_STYLE = Automatic;
				CURRENT_PROJECT_VERSION = 1;
				DEVELOPMENT_TEAM = NVFG43T73V;
				GENERATE_INFOPLIST_FILE = YES;
				IPHONEOS_DEPLOYMENT_TARGET = 17.2;
				MACOSX_DEPLOYMENT_TARGET = 14.2;
				MARKETING_VERSION = 1.0;
				PRODUCT_BUNDLE_IDENTIFIER = antonio.interactiveAudioTests;
				PRODUCT_NAME = "$(TARGET_NAME)";
				SDKROOT = auto;
				SUPPORTED_PLATFORMS = "iphoneos iphonesimulator macosx";
				SWIFT_EMIT_LOC_STRINGS = NO;
				SWIFT_VERSION = 5.0;
				TARGETED_DEVICE_FAMILY = "1,2";
				TEST_HOST = "$(BUILT_PRODUCTS_DIR)/interactiveAudio.app/$(BUNDLE_EXECUTABLE_FOLDER_PATH)/interactiveAudio";
			};
			name = Debug;
		};
		C4667D042B972B4600825CBC /* Release */ = {
			isa = XCBuildConfiguration;
			buildSettings = {
				ALWAYS_EMBED_SWIFT_STANDARD_LIBRARIES = YES;
				BUNDLE_LOADER = "$(TEST_HOST)";
				CODE_SIGN_STYLE = Automatic;
				CURRENT_PROJECT_VERSION = 1;
				DEVELOPMENT_TEAM = NVFG43T73V;
				GENERATE_INFOPLIST_FILE = YES;
				IPHONEOS_DEPLOYMENT_TARGET = 17.2;
				MACOSX_DEPLOYMENT_TARGET = 14.2;
				MARKETING_VERSION = 1.0;
				PRODUCT_BUNDLE_IDENTIFIER = antonio.interactiveAudioTests;
				PRODUCT_NAME = "$(TARGET_NAME)";
				SDKROOT = auto;
				SUPPORTED_PLATFORMS = "iphoneos iphonesimulator macosx";
				SWIFT_EMIT_LOC_STRINGS = NO;
				SWIFT_VERSION = 5.0;
				TARGETED_DEVICE_FAMILY = "1,2";
				TEST_HOST = "$(BUILT_PRODUCTS_DIR)/interactiveAudio.app/$(BUNDLE_EXECUTABLE_FOLDER_PATH)/interactiveAudio";
			};
			name = Release;
		};
		C4667D062B972B4600825CBC /* Debug */ = {
			isa = XCBuildConfiguration;
			buildSettings = {
				ALWAYS_EMBED_SWIFT_STANDARD_LIBRARIES = YES;
				CODE_SIGN_STYLE = Automatic;
				CURRENT_PROJECT_VERSION = 1;
				DEVELOPMENT_TEAM = NVFG43T73V;
				GENERATE_INFOPLIST_FILE = YES;
				IPHONEOS_DEPLOYMENT_TARGET = 17.2;
				MACOSX_DEPLOYMENT_TARGET = 14.2;
				MARKETING_VERSION = 1.0;
				PRODUCT_BUNDLE_IDENTIFIER = antonio.interactiveAudioUITests;
				PRODUCT_NAME = "$(TARGET_NAME)";
				SDKROOT = auto;
				SUPPORTED_PLATFORMS = "iphoneos iphonesimulator macosx";
				SWIFT_EMIT_LOC_STRINGS = NO;
				SWIFT_VERSION = 5.0;
				TARGETED_DEVICE_FAMILY = "1,2";
				TEST_TARGET_NAME = interactiveAudio;
			};
			name = Debug;
		};
		C4667D072B972B4600825CBC /* Release */ = {
			isa = XCBuildConfiguration;
			buildSettings = {
				ALWAYS_EMBED_SWIFT_STANDARD_LIBRARIES = YES;
				CODE_SIGN_STYLE = Automatic;
				CURRENT_PROJECT_VERSION = 1;
				DEVELOPMENT_TEAM = NVFG43T73V;
				GENERATE_INFOPLIST_FILE = YES;
				IPHONEOS_DEPLOYMENT_TARGET = 17.2;
				MACOSX_DEPLOYMENT_TARGET = 14.2;
				MARKETING_VERSION = 1.0;
				PRODUCT_BUNDLE_IDENTIFIER = antonio.interactiveAudioUITests;
				PRODUCT_NAME = "$(TARGET_NAME)";
				SDKROOT = auto;
				SUPPORTED_PLATFORMS = "iphoneos iphonesimulator macosx";
				SWIFT_EMIT_LOC_STRINGS = NO;
				SWIFT_VERSION = 5.0;
				TARGETED_DEVICE_FAMILY = "1,2";
				TEST_TARGET_NAME = interactiveAudio;
			};
			name = Release;
		};
/* End XCBuildConfiguration section */

/* Begin XCConfigurationList section */
		C4667CD52B972B4400825CBC /* Build configuration list for PBXProject "interactiveAudio" */ = {
			isa = XCConfigurationList;
			buildConfigurations = (
				C4667CFD2B972B4600825CBC /* Debug */,
				C4667CFE2B972B4600825CBC /* Release */,
			);
			defaultConfigurationIsVisible = 0;
			defaultConfigurationName = Release;
		};
		C4667CFF2B972B4600825CBC /* Build configuration list for PBXNativeTarget "interactiveAudio" */ = {
			isa = XCConfigurationList;
			buildConfigurations = (
				C4667D002B972B4600825CBC /* Debug */,
				C4667D012B972B4600825CBC /* Release */,
			);
			defaultConfigurationIsVisible = 0;
			defaultConfigurationName = Release;
		};
		C4667D022B972B4600825CBC /* Build configuration list for PBXNativeTarget "interactiveAudioTests" */ = {
			isa = XCConfigurationList;
			buildConfigurations = (
				C4667D032B972B4600825CBC /* Debug */,
				C4667D042B972B4600825CBC /* Release */,
			);
			defaultConfigurationIsVisible = 0;
			defaultConfigurationName = Release;
		};
		C4667D052B972B4600825CBC /* Build configuration list for PBXNativeTarget "interactiveAudioUITests" */ = {
			isa = XCConfigurationList;
			buildConfigurations = (
				C4667D062B972B4600825CBC /* Debug */,
				C4667D072B972B4600825CBC /* Release */,
			);
			defaultConfigurationIsVisible = 0;
			defaultConfigurationName = Release;
		};
/* End XCConfigurationList section */
	};
	rootObject = C4667CD22B972B4400825CBC /* Project object */;
}
